
Microsoft Visual Studio Solution File, Format Version 12.00
# Visual Studio Version 16
VisualStudioVersion = 16.0.30621.155
MinimumVisualStudioVersion = 10.0.40219.1
Project("{FAE04EC0-301F-11D3-BF4B-00C04F79EFBC}") = "BethanysPieShop", "BethanysPieShop\BethanysPieShop.csproj", "{669F8B67-B75D-4A38-84F4-F749DD74B6C5}"
EndProject
Global
	GlobalSection(SolutionConfigurationPlatforms) = preSolution
		Debug|Any CPU = Debug|Any CPU
		Release|Any CPU = Release|Any CPU
	EndGlobalSection
	GlobalSection(ProjectConfigurationPlatforms) = postSolution
		{669F8B67-B75D-4A38-84F4-F749DD74B6C5}.Debug|Any CPU.ActiveCfg = Debug|Any CPU
		{669F8B67-B75D-4A38-84F4-F749DD74B6C5}.Debug|Any CPU.Build.0 = Debug|Any CPU
		{669F8B67-B75D-4A38-84F4-F749DD74B6C5}.Release|Any CPU.ActiveCfg = Release|Any CPU
		{669F8B67-B75D-4A38-84F4-F749DD74B6C5}.Release|Any CPU.Build.0 = Release|Any CPU
	EndGlobalSection
	GlobalSection(SolutionProperties) = preSolution
		HideSolutionNode = FALSE
	EndGlobalSection
	GlobalSection(ExtensibilityGlobals) = postSolution
		SolutionGuid = {B82DF31F-81B5-414B-83CF-D93569DEAA77}
	EndGlobalSection
EndGlobal
